
Microsoft Visual Studio Solution File, Format Version 12.00
# Visual Studio 15
VisualStudioVersion = 15.0.27703.2042
MinimumVisualStudioVersion = 10.0.40219.1
Project("{FAE04EC0-301F-11D3-BF4B-00C04F79EFBC}") = "WebApplication4", "WebApplication4\WebApplication4.csproj", "{0DDC3269-EC04-4B9E-A308-A025BD732E5E}"
EndProject
Project("{FAE04EC0-301F-11D3-BF4B-00C04F79EFBC}") = "WebApplication1", "WebApplication1\WebApplication1.csproj", "{6AC4A96A-866E-4A4E-93AC-7879B77DE770}"
EndProject
Global
	GlobalSection(SolutionConfigurationPlatforms) = preSolution
		Debug|Any CPU = Debug|Any CPU
		Release|Any CPU = Release|Any CPU
	EndGlobalSection
	GlobalSection(ProjectConfigurationPlatforms) = postSolution
		{0DDC3269-EC04-4B9E-A308-A025BD732E5E}.Debug|Any CPU.ActiveCfg = Debug|Any CPU
		{0DDC3269-EC04-4B9E-A308-A025BD732E5E}.Debug|Any CPU.Build.0 = Debug|Any CPU
		{0DDC3269-EC04-4B9E-A308-A025BD732E5E}.Release|Any CPU.ActiveCfg = Release|Any CPU
		{0DDC3269-EC04-4B9E-A308-A025BD732E5E}.Release|Any CPU.Build.0 = Release|Any CPU
		{6AC4A96A-866E-4A4E-93AC-7879B77DE770}.Debug|Any CPU.ActiveCfg = Debug|Any CPU
		{6AC4A96A-866E-4A4E-93AC-7879B77DE770}.Debug|Any CPU.Build.0 = Debug|Any CPU
		{6AC4A96A-866E-4A4E-93AC-7879B77DE770}.Release|Any CPU.ActiveCfg = Release|Any CPU
		{6AC4A96A-866E-4A4E-93AC-7879B77DE770}.Release|Any CPU.Build.0 = Release|Any CPU
	EndGlobalSection
	GlobalSection(SolutionProperties) = preSolution
		HideSolutionNode = FALSE
	EndGlobalSection
	GlobalSection(ExtensibilityGlobals) = postSolution
		SolutionGuid = {CEB80916-3A0A-489E-B533-B89AF03FE7E6}
	EndGlobalSection
EndGlobal
